# This file is automatically @generated by Poetry 1.8.2 and should not be changed by hand.

[[package]]
name = "click"
version = "8.1.7"
description = "Composable command line interface toolkit"
optional = false
python-versions = ">=3.7"
files = [
    {file = "click-8.1.7-py3-none-any.whl", hash = "sha256:ae74fb96c20a0277a1d615f1e4d73c8414f5a98db8b799a7931d1582f3390c28"},
    {file = "click-8.1.7.tar.gz", hash = "sha256:ca9853ad459e787e2192211578cc907e7594e294c7ccc834310722b41b9ca6de"},
]

[package.dependencies]
colorama = {version = "*", markers = "platform_system == \"Windows\""}

[[package]]
name = "colorama"
version = "0.4.6"
description = "Cross-platform colored terminal text."
optional = false
python-versions = "!=3.0.*,!=3.1.*,!=3.2.*,!=3.3.*,!=3.4.*,!=3.5.*,!=3.6.*,>=2.7"
files = [
    {file = "colorama-0.4.6-py2.py3-none-any.whl", hash = "sha256:4f1d9991f5acc0ca119f9d443620b77f9d6b33703e51011c16baf57afb285fc6"},
    {file = "colorama-0.4.6.tar.gz", hash = "sha256:08695f5cb7ed6e0531a20572697297273c47b8cae5a63ffc6d6ed5c201be6e44"},
]

[[package]]
name = "numpy"
version = "1.24.4"
description = "Fundamental package for array computing in Python"
optional = false
python-versions = ">=3.8"
files = [
    {file = "numpy-1.24.4-cp310-cp310-macosx_10_9_x86_64.whl", hash = "sha256:c0bfb52d2169d58c1cdb8cc1f16989101639b34c7d3ce60ed70b19c63eba0b64"},
    {file = "numpy-1.24.4-cp310-cp310-macosx_11_0_arm64.whl", hash = "sha256:ed094d4f0c177b1b8e7aa9cba7d6ceed51c0e569a5318ac0ca9a090680a6a1b1"},
    {file = "numpy-1.24.4-cp310-cp310-manylinux_2_17_aarch64.manylinux2014_aarch64.whl", hash = "sha256:79fc682a374c4a8ed08b331bef9c5f582585d1048fa6d80bc6c35bc384eee9b4"},
    {file = "numpy-1.24.4-cp310-cp310-manylinux_2_17_x86_64.manylinux2014_x86_64.whl", hash = "sha256:7ffe43c74893dbf38c2b0a1f5428760a1a9c98285553c89e12d70a96a7f3a4d6"},
    {file = "numpy-1.24.4-cp310-cp310-win32.whl", hash = "sha256:4c21decb6ea94057331e111a5bed9a79d335658c27ce2adb580fb4d54f2ad9bc"},
    {file = "numpy-1.24.4-cp310-cp310-win_amd64.whl", hash = "sha256:b4bea75e47d9586d31e892a7401f76e909712a0fd510f58f5337bea9572c571e"},
    {file = "numpy-1.24.4-cp311-cp311-macosx_10_9_x86_64.whl", hash = "sha256:f136bab9c2cfd8da131132c2cf6cc27331dd6fae65f95f69dcd4ae3c3639c810"},
    {file = "numpy-1.24.4-cp311-cp311-macosx_11_0_arm64.whl", hash = "sha256:e2926dac25b313635e4d6cf4dc4e51c8c0ebfed60b801c799ffc4c32bf3d1254"},
    {file = "numpy-1.24.4-cp311-cp311-manylinux_2_17_aarch64.manylinux2014_aarch64.whl", hash = "sha256:222e40d0e2548690405b0b3c7b21d1169117391c2e82c378467ef9ab4c8f0da7"},
    {file = "numpy-1.24.4-cp311-cp311-manylinux_2_17_x86_64.manylinux2014_x86_64.whl", hash = "sha256:7215847ce88a85ce39baf9e89070cb860c98fdddacbaa6c0da3ffb31b3350bd5"},
    {file = "numpy-1.24.4-cp311-cp311-win32.whl", hash = "sha256:4979217d7de511a8d57f4b4b5b2b965f707768440c17cb70fbf254c4b225238d"},
    {file = "numpy-1.24.4-cp311-cp311-win_amd64.whl", hash = "sha256:b7b1fc9864d7d39e28f41d089bfd6353cb5f27ecd9905348c24187a768c79694"},
    {file = "numpy-1.24.4-cp38-cp38-macosx_10_9_x86_64.whl", hash = "sha256:1452241c290f3e2a312c137a9999cdbf63f78864d63c79039bda65ee86943f61"},
    {file = "numpy-1.24.4-cp38-cp38-macosx_11_0_arm64.whl", hash = "sha256:04640dab83f7c6c85abf9cd729c5b65f1ebd0ccf9de90b270cd61935eef0197f"},
    {file = "numpy-1.24.4-cp38-cp38-manylinux_2_17_aarch64.manylinux2014_aarch64.whl", hash = "sha256:a5425b114831d1e77e4b5d812b69d11d962e104095a5b9c3b641a218abcc050e"},
    {file = "numpy-1.24.4-cp38-cp38-manylinux_2_17_x86_64.manylinux2014_x86_64.whl", hash = "sha256:dd80e219fd4c71fc3699fc1dadac5dcf4fd882bfc6f7ec53d30fa197b8ee22dc"},
    {file = "numpy-1.24.4-cp38-cp38-win32.whl", hash = "sha256:4602244f345453db537be5314d3983dbf5834a9701b7723ec28923e2889e0bb2"},
    {file = "numpy-1.24.4-cp38-cp38-win_amd64.whl", hash = "sha256:692f2e0f55794943c5bfff12b3f56f99af76f902fc47487bdfe97856de51a706"},
    {file = "numpy-1.24.4-cp39-cp39-macosx_10_9_x86_64.whl", hash = "sha256:2541312fbf09977f3b3ad449c4e5f4bb55d0dbf79226d7724211acc905049400"},
    {file = "numpy-1.24.4-cp39-cp39-macosx_11_0_arm64.whl", hash = "sha256:9667575fb6d13c95f1b36aca12c5ee3356bf001b714fc354eb5465ce1609e62f"},
    {file = "numpy-1.24.4-cp39-cp39-manylinux_2_17_aarch64.manylinux2014_aarch64.whl", hash = "sha256:f3a86ed21e4f87050382c7bc96571755193c4c1392490744ac73d660e8f564a9"},
    {file = "numpy-1.24.4-cp39-cp39-manylinux_2_17_x86_64.manylinux2014_x86_64.whl", hash = "sha256:d11efb4dbecbdf22508d55e48d9c8384db795e1b7b51ea735289ff96613ff74d"},
    {file = "numpy-1.24.4-cp39-cp39-win32.whl", hash = "sha256:6620c0acd41dbcb368610bb2f4d83145674040025e5536954782467100aa8835"},
    {file = "numpy-1.24.4-cp39-cp39-win_amd64.whl", hash = "sha256:befe2bf740fd8373cf56149a5c23a0f601e82869598d41f8e188a0e9869926f8"},
    {file = "numpy-1.24.4-pp38-pypy38_pp73-macosx_10_9_x86_64.whl", hash = "sha256:31f13e25b4e304632a4619d0e0777662c2ffea99fcae2029556b17d8ff958aef"},
    {file = "numpy-1.24.4-pp38-pypy38_pp73-manylinux_2_17_x86_64.manylinux2014_x86_64.whl", hash = "sha256:95f7ac6540e95bc440ad77f56e520da5bf877f87dca58bd095288dce8940532a"},
    {file = "numpy-1.24.4-pp38-pypy38_pp73-win_amd64.whl", hash = "sha256:e98f220aa76ca2a977fe435f5b04d7b3470c0a2e6312907b37ba6068f26787f2"},
    {file = "numpy-1.24.4.tar.gz", hash = "sha256:80f5e3a4e498641401868df4208b74581206afbee7cf7b8329daae82676d9463"},
]

[[package]]
name = "pyarrow"
version = "15.0.2"
description = "Python library for Apache Arrow"
optional = false
python-versions = ">=3.8"
files = [
    {file = "pyarrow-15.0.2-cp310-cp310-macosx_10_15_x86_64.whl", hash = "sha256:88b340f0a1d05b5ccc3d2d986279045655b1fe8e41aba6ca44ea28da0d1455d8"},
    {file = "pyarrow-15.0.2-cp310-cp310-macosx_11_0_arm64.whl", hash = "sha256:eaa8f96cecf32da508e6c7f69bb8401f03745c050c1dd42ec2596f2e98deecac"},
    {file = "pyarrow-15.0.2-cp310-cp310-manylinux_2_17_aarch64.manylinux2014_aarch64.whl", hash = "sha256:23c6753ed4f6adb8461e7c383e418391b8d8453c5d67e17f416c3a5d5709afbd"},
    {file = "pyarrow-15.0.2-cp310-cp310-manylinux_2_17_x86_64.manylinux2014_x86_64.whl", hash = "sha256:f639c059035011db8c0497e541a8a45d98a58dbe34dc8fadd0ef128f2cee46e5"},
    {file = "pyarrow-15.0.2-cp310-cp310-manylinux_2_28_aarch64.whl", hash = "sha256:290e36a59a0993e9a5224ed2fb3e53375770f07379a0ea03ee2fce2e6d30b423"},
    {file = "pyarrow-15.0.2-cp310-cp310-manylinux_2_28_x86_64.whl", hash = "sha256:06c2bb2a98bc792f040bef31ad3e9be6a63d0cb39189227c08a7d955db96816e"},
    {file = "pyarrow-15.0.2-cp310-cp310-win_amd64.whl", hash = "sha256:f7a197f3670606a960ddc12adbe8075cea5f707ad7bf0dffa09637fdbb89f76c"},
    {file = "pyarrow-15.0.2-cp311-cp311-macosx_10_15_x86_64.whl", hash = "sha256:5f8bc839ea36b1f99984c78e06e7a06054693dc2af8920f6fb416b5bca9944e4"},
    {file = "pyarrow-15.0.2-cp311-cp311-macosx_11_0_arm64.whl", hash = "sha256:f5e81dfb4e519baa6b4c80410421528c214427e77ca0ea9461eb4097c328fa33"},
    {file = "pyarrow-15.0.2-cp311-cp311-manylinux_2_17_aarch64.manylinux2014_aarch64.whl", hash = "sha256:3a4f240852b302a7af4646c8bfe9950c4691a419847001178662a98915fd7ee7"},
    {file = "pyarrow-15.0.2-cp311-cp311-manylinux_2_17_x86_64.manylinux2014_x86_64.whl", hash = "sha256:4e7d9cfb5a1e648e172428c7a42b744610956f3b70f524aa3a6c02a448ba853e"},
    {file = "pyarrow-15.0.2-cp311-cp311-manylinux_2_28_aarch64.whl", hash = "sha256:2d4f905209de70c0eb5b2de6763104d5a9a37430f137678edfb9a675bac9cd98"},
    {file = "pyarrow-15.0.2-cp311-cp311-manylinux_2_28_x86_64.whl", hash = "sha256:90adb99e8ce5f36fbecbbc422e7dcbcbed07d985eed6062e459e23f9e71fd197"},
    {file = "pyarrow-15.0.2-cp311-cp311-win_amd64.whl", hash = "sha256:b116e7fd7889294cbd24eb90cd9bdd3850be3738d61297855a71ac3b8124ee38"},
    {file = "pyarrow-15.0.2-cp312-cp312-macosx_10_15_x86_64.whl", hash = "sha256:25335e6f1f07fdaa026a61c758ee7d19ce824a866b27bba744348fa73bb5a440"},
    {file = "pyarrow-15.0.2-cp312-cp312-macosx_11_0_arm64.whl", hash = "sha256:90f19e976d9c3d8e73c80be84ddbe2f830b6304e4c576349d9360e335cd627fc"},
    {file = "pyarrow-15.0.2-cp312-cp312-manylinux_2_17_aarch64.manylinux2014_aarch64.whl", hash = "sha256:a22366249bf5fd40ddacc4f03cd3160f2d7c247692945afb1899bab8a140ddfb"},
    {file = "pyarrow-15.0.2-cp312-cp312-manylinux_2_17_x86_64.manylinux2014_x86_64.whl", hash = "sha256:c2a335198f886b07e4b5ea16d08ee06557e07db54a8400cc0d03c7f6a22f785f"},
    {file = "pyarrow-15.0.2-cp312-cp312-manylinux_2_28_aarch64.whl", hash = "sha256:3e6d459c0c22f0b9c810a3917a1de3ee704b021a5fb8b3bacf968eece6df098f"},
    {file = "pyarrow-15.0.2-cp312-cp312-manylinux_2_28_x86_64.whl", hash = "sha256:033b7cad32198754d93465dcfb71d0ba7cb7cd5c9afd7052cab7214676eec38b"},
    {file = "pyarrow-15.0.2-cp312-cp312-win_amd64.whl", hash = "sha256:29850d050379d6e8b5a693098f4de7fd6a2bea4365bfd073d7c57c57b95041ee"},
    {file = "pyarrow-15.0.2-cp38-cp38-macosx_10_15_x86_64.whl", hash = "sha256:7167107d7fb6dcadb375b4b691b7e316f4368f39f6f45405a05535d7ad5e5058"},
    {file = "pyarrow-15.0.2-cp38-cp38-macosx_11_0_arm64.whl", hash = "sha256:e85241b44cc3d365ef950432a1b3bd44ac54626f37b2e3a0cc89c20e45dfd8bf"},
    {file = "pyarrow-15.0.2-cp38-cp38-manylinux_2_17_aarch64.manylinux2014_aarch64.whl", hash = "sha256:248723e4ed3255fcd73edcecc209744d58a9ca852e4cf3d2577811b6d4b59818"},
    {file = "pyarrow-15.0.2-cp38-cp38-manylinux_2_17_x86_64.manylinux2014_x86_64.whl", hash = "sha256:3ff3bdfe6f1b81ca5b73b70a8d482d37a766433823e0c21e22d1d7dde76ca33f"},
    {file = "pyarrow-15.0.2-cp38-cp38-manylinux_2_28_aarch64.whl", hash = "sha256:f3d77463dee7e9f284ef42d341689b459a63ff2e75cee2b9302058d0d98fe142"},
    {file = "pyarrow-15.0.2-cp38-cp38-manylinux_2_28_x86_64.whl", hash = "sha256:8c1faf2482fb89766e79745670cbca04e7018497d85be9242d5350cba21357e1"},
    {file = "pyarrow-15.0.2-cp38-cp38-win_amd64.whl", hash = "sha256:28f3016958a8e45a1069303a4a4f6a7d4910643fc08adb1e2e4a7ff056272ad3"},
    {file = "pyarrow-15.0.2-cp39-cp39-macosx_10_15_x86_64.whl", hash = "sha256:89722cb64286ab3d4daf168386f6968c126057b8c7ec3ef96302e81d8cdb8ae4"},
    {file = "pyarrow-15.0.2-cp39-cp39-macosx_11_0_arm64.whl", hash = "sha256:cd0ba387705044b3ac77b1b317165c0498299b08261d8122c96051024f953cd5"},
    {file = "pyarrow-15.0.2-cp39-cp39-manylinux_2_17_aarch64.manylinux2014_aarch64.whl", hash = "sha256:ad2459bf1f22b6a5cdcc27ebfd99307d5526b62d217b984b9f5c974651398832"},
    {file = "pyarrow-15.0.2-cp39-cp39-manylinux_2_17_x86_64.manylinux2014_x86_64.whl", hash = "sha256:58922e4bfece8b02abf7159f1f53a8f4d9f8e08f2d988109126c17c3bb261f22"},
    {file = "pyarrow-15.0.2-cp39-cp39-manylinux_2_28_aarch64.whl", hash = "sha256:adccc81d3dc0478ea0b498807b39a8d41628fa9210729b2f718b78cb997c7c91"},
    {file = "pyarrow-15.0.2-cp39-cp39-manylinux_2_28_x86_64.whl", hash = "sha256:8bd2baa5fe531571847983f36a30ddbf65261ef23e496862ece83bdceb70420d"},
    {file = "pyarrow-15.0.2-cp39-cp39-win_amd64.whl", hash = "sha256:6669799a1d4ca9da9c7e06ef48368320f5856f36f9a4dd31a11839dda3f6cc8c"},
    {file = "pyarrow-15.0.2.tar.gz", hash = "sha256:9c9bc803cb3b7bfacc1e96ffbfd923601065d9d3f911179d81e72d99fd74a3d9"},
]

[package.dependencies]
numpy = ">=1.16.6,<2"

[[package]]
name = "shapely"
version = "2.0.3"
description = "Manipulation and analysis of geometric objects"
optional = false
python-versions = ">=3.7"
files = [
    {file = "shapely-2.0.3-cp310-cp310-macosx_10_9_universal2.whl", hash = "sha256:af7e9abe180b189431b0f490638281b43b84a33a960620e6b2e8d3e3458b61a1"},
    {file = "shapely-2.0.3-cp310-cp310-macosx_10_9_x86_64.whl", hash = "sha256:98040462b36ced9671e266b95c326b97f41290d9d17504a1ee4dc313a7667b9c"},
    {file = "shapely-2.0.3-cp310-cp310-macosx_11_0_arm64.whl", hash = "sha256:71eb736ef2843f23473c6e37f6180f90f0a35d740ab284321548edf4e55d9a52"},
    {file = "shapely-2.0.3-cp310-cp310-manylinux_2_17_aarch64.manylinux2014_aarch64.whl", hash = "sha256:881eb9dbbb4a6419667e91fcb20313bfc1e67f53dbb392c6840ff04793571ed1"},
    {file = "shapely-2.0.3-cp310-cp310-manylinux_2_17_x86_64.manylinux2014_x86_64.whl", hash = "sha256:f10d2ccf0554fc0e39fad5886c839e47e207f99fdf09547bc687a2330efda35b"},
    {file = "shapely-2.0.3-cp310-cp310-win32.whl", hash = "sha256:6dfdc077a6fcaf74d3eab23a1ace5abc50c8bce56ac7747d25eab582c5a2990e"},
    {file = "shapely-2.0.3-cp310-cp310-win_amd64.whl", hash = "sha256:64c5013dacd2d81b3bb12672098a0b2795c1bf8190cfc2980e380f5ef9d9e4d9"},
    {file = "shapely-2.0.3-cp311-cp311-macosx_10_9_universal2.whl", hash = "sha256:56cee3e4e8159d6f2ce32e421445b8e23154fd02a0ac271d6a6c0b266a8e3cce"},
    {file = "shapely-2.0.3-cp311-cp311-macosx_10_9_x86_64.whl", hash = "sha256:619232c8276fded09527d2a9fd91a7885ff95c0ff9ecd5e3cb1e34fbb676e2ae"},
    {file = "shapely-2.0.3-cp311-cp311-macosx_11_0_arm64.whl", hash = "sha256:b2a7d256db6f5b4b407dc0c98dd1b2fcf1c9c5814af9416e5498d0a2e4307a4b"},
    {file = "shapely-2.0.3-cp311-cp311-manylinux_2_17_aarch64.manylinux2014_aarch64.whl", hash = "sha256:e45f0c8cd4583647db3216d965d49363e6548c300c23fd7e57ce17a03f824034"},
    {file = "shapely-2.0.3-cp311-cp311-manylinux_2_17_x86_64.manylinux2014_x86_64.whl", hash = "sha256:13cb37d3826972a82748a450328fe02a931dcaed10e69a4d83cc20ba021bc85f"},
    {file = "shapely-2.0.3-cp311-cp311-win32.whl", hash = "sha256:9302d7011e3e376d25acd30d2d9e70d315d93f03cc748784af19b00988fc30b1"},
    {file = "shapely-2.0.3-cp311-cp311-win_amd64.whl", hash = "sha256:6b464f2666b13902835f201f50e835f2f153f37741db88f68c7f3b932d3505fa"},
    {file = "shapely-2.0.3-cp312-cp312-macosx_10_9_universal2.whl", hash = "sha256:e86e7cb8e331a4850e0c2a8b2d66dc08d7a7b301b8d1d34a13060e3a5b4b3b55"},
    {file = "shapely-2.0.3-cp312-cp312-macosx_10_9_x86_64.whl", hash = "sha256:c91981c99ade980fc49e41a544629751a0ccd769f39794ae913e53b07b2f78b9"},
    {file = "shapely-2.0.3-cp312-cp312-macosx_11_0_arm64.whl", hash = "sha256:bd45d456983dc60a42c4db437496d3f08a4201fbf662b69779f535eb969660af"},
    {file = "shapely-2.0.3-cp312-cp312-manylinux_2_17_aarch64.manylinux2014_aarch64.whl", hash = "sha256:882fb1ffc7577e88c1194f4f1757e277dc484ba096a3b94844319873d14b0f2d"},
    {file = "shapely-2.0.3-cp312-cp312-manylinux_2_17_x86_64.manylinux2014_x86_64.whl", hash = "sha256:b9f2d93bff2ea52fa93245798cddb479766a18510ea9b93a4fb9755c79474889"},
    {file = "shapely-2.0.3-cp312-cp312-win32.whl", hash = "sha256:99abad1fd1303b35d991703432c9481e3242b7b3a393c186cfb02373bf604004"},
    {file = "shapely-2.0.3-cp312-cp312-win_amd64.whl", hash = "sha256:6f555fe3304a1f40398977789bc4fe3c28a11173196df9ece1e15c5bc75a48db"},
    {file = "shapely-2.0.3-cp37-cp37m-macosx_10_9_x86_64.whl", hash = "sha256:a983cc418c1fa160b7d797cfef0e0c9f8c6d5871e83eae2c5793fce6a837fad9"},
    {file = "shapely-2.0.3-cp37-cp37m-manylinux_2_17_aarch64.manylinux2014_aarch64.whl", hash = "sha256:18bddb8c327f392189a8d5d6b9a858945722d0bb95ccbd6a077b8e8fc4c7890d"},
    {file = "shapely-2.0.3-cp37-cp37m-manylinux_2_17_x86_64.manylinux2014_x86_64.whl", hash = "sha256:442f4dcf1eb58c5a4e3428d88e988ae153f97ab69a9f24e07bf4af8038536325"},
    {file = "shapely-2.0.3-cp37-cp37m-win32.whl", hash = "sha256:31a40b6e3ab00a4fd3a1d44efb2482278642572b8e0451abdc8e0634b787173e"},
    {file = "shapely-2.0.3-cp37-cp37m-win_amd64.whl", hash = "sha256:59b16976c2473fec85ce65cc9239bef97d4205ab3acead4e6cdcc72aee535679"},
    {file = "shapely-2.0.3-cp38-cp38-macosx_10_9_universal2.whl", hash = "sha256:705efbce1950a31a55b1daa9c6ae1c34f1296de71ca8427974ec2f27d57554e3"},
    {file = "shapely-2.0.3-cp38-cp38-macosx_10_9_x86_64.whl", hash = "sha256:601c5c0058a6192df704cb889439f64994708563f57f99574798721e9777a44b"},
    {file = "shapely-2.0.3-cp38-cp38-macosx_11_0_arm64.whl", hash = "sha256:f24ecbb90a45c962b3b60d8d9a387272ed50dc010bfe605f1d16dfc94772d8a1"},
    {file = "shapely-2.0.3-cp38-cp38-manylinux_2_17_aarch64.manylinux2014_aarch64.whl", hash = "sha256:d8c2a2989222c6062f7a0656e16276c01bb308bc7e5d999e54bf4e294ce62e76"},
    {file = "shapely-2.0.3-cp38-cp38-manylinux_2_17_x86_64.manylinux2014_x86_64.whl", hash = "sha256:42bceb9bceb3710a774ce04908fda0f28b291323da2688f928b3f213373b5aee"},
    {file = "shapely-2.0.3-cp38-cp38-win32.whl", hash = "sha256:54d925c9a311e4d109ec25f6a54a8bd92cc03481a34ae1a6a92c1fe6729b7e01"},
    {file = "shapely-2.0.3-cp38-cp38-win_amd64.whl", hash = "sha256:300d203b480a4589adefff4c4af0b13919cd6d760ba3cbb1e56275210f96f654"},
    {file = "shapely-2.0.3-cp39-cp39-macosx_10_9_universal2.whl", hash = "sha256:083d026e97b6c1f4a9bd2a9171c7692461092ed5375218170d91705550eecfd5"},
    {file = "shapely-2.0.3-cp39-cp39-macosx_10_9_x86_64.whl", hash = "sha256:27b6e1910094d93e9627f2664121e0e35613262fc037051680a08270f6058daf"},
    {file = "shapely-2.0.3-cp39-cp39-macosx_11_0_arm64.whl", hash = "sha256:71b2de56a9e8c0e5920ae5ddb23b923490557ac50cb0b7fa752761bf4851acde"},
    {file = "shapely-2.0.3-cp39-cp39-manylinux_2_17_aarch64.manylinux2014_aarch64.whl", hash = "sha256:4d279e56bbb68d218d63f3efc80c819cedcceef0e64efbf058a1df89dc57201b"},
    {file = "shapely-2.0.3-cp39-cp39-manylinux_2_17_x86_64.manylinux2014_x86_64.whl", hash = "sha256:88566d01a30f0453f7d038db46bc83ce125e38e47c5f6bfd4c9c287010e9bf74"},
    {file = "shapely-2.0.3-cp39-cp39-win32.whl", hash = "sha256:58afbba12c42c6ed44c4270bc0e22f3dadff5656d711b0ad335c315e02d04707"},
    {file = "shapely-2.0.3-cp39-cp39-win_amd64.whl", hash = "sha256:5026b30433a70911979d390009261b8c4021ff87c7c3cbd825e62bb2ffa181bc"},
    {file = "shapely-2.0.3.tar.gz", hash = "sha256:4d65d0aa7910af71efa72fd6447e02a8e5dd44da81a983de9d736d6e6ccbe674"},
]

[package.dependencies]
numpy = ">=1.14,<2"

[package.extras]
docs = ["matplotlib", "numpydoc (==1.1.*)", "sphinx", "sphinx-book-theme", "sphinx-remove-toctrees"]
test = ["pytest", "pytest-cov"]

[[package]]
name = "tqdm"
version = "4.66.4"
description = "Fast, Extensible Progress Meter"
optional = false
python-versions = ">=3.7"
files = [
    {file = "tqdm-4.66.4-py3-none-any.whl", hash = "sha256:b75ca56b413b030bc3f00af51fd2c1a1a5eac6a0c1cca83cbb37a5c52abce644"},
    {file = "tqdm-4.66.4.tar.gz", hash = "sha256:e4d936c9de8727928f3be6079590e97d9abfe8d39a590be678eb5919ffc186bb"},
]

[package.dependencies]
colorama = {version = "*", markers = "platform_system == \"Windows\""}

[package.extras]
dev = ["pytest (>=6)", "pytest-cov", "pytest-timeout", "pytest-xdist"]
notebook = ["ipywidgets (>=6)"]
slack = ["slack-sdk"]
telegram = ["requests"]

[metadata]
lock-version = "2.0"
python-versions = "^3.8"
content-hash = "4e96fe3348d069b5ea6c41a426614884f5e3c322fbf0c361bbd47ea8ac525322"
